
Microsoft Visual Studio Solution File, Format Version 12.00
# Visual Studio 15
VisualStudioVersion = 15.0.28010.2019
MinimumVisualStudioVersion = 10.0.40219.1
Project("{9A19103F-16F7-4668-BE54-9A1E7A4F7556}") = "Client", "Client\Client.csproj", "{A9CA2C60-DA7A-4224-962D-45425CF71CD9}"
EndProject
Project("{9A19103F-16F7-4668-BE54-9A1E7A4F7556}") = "Server", "Server\Server.csproj", "{52FD93BE-D9D0-472E-BA68-ECE596503D8F}"
EndProject
Project("{2150E333-8FDC-42A3-9474-1A3956D46DE8}") = "Core", "Core", "{9C017C23-0192-4B9A-8C63-16F8C390395B}"
EndProject
Project("{9A19103F-16F7-4668-BE54-9A1E7A4F7556}") = "Core.Application", "Core.Application\Core.Application.csproj", "{C56B4650-6156-46D9-8E94-2663BE0BC4CC}"
EndProject
Project("{9A19103F-16F7-4668-BE54-9A1E7A4F7556}") = "Core.Domain", "Core.Domain\Core.Domain.csproj", "{8B5A7C67-C68B-40A4-9775-DE02F931D77B}"
EndProject
Project("{FAE04EC0-301F-11D3-BF4B-00C04F79EFBC}") = "Core.Application.Client", "Core.Application.Client\Core.Application.Client.csproj", "{2AF47A54-41F9-462A-91B2-A1E5A736E8D3}"
EndProject
Project("{FAE04EC0-301F-11D3-BF4B-00C04F79EFBC}") = "Core.Application.Server", "Core.Application.Server\Core.Application.Server.csproj", "{B98DD17F-5768-4848-B49D-5465DAFDF531}"
EndProject
Global
	GlobalSection(SolutionConfigurationPlatforms) = preSolution
		Debug|Any CPU = Debug|Any CPU
		Release|Any CPU = Release|Any CPU
	EndGlobalSection
	GlobalSection(ProjectConfigurationPlatforms) = postSolution
		{A9CA2C60-DA7A-4224-962D-45425CF71CD9}.Debug|Any CPU.ActiveCfg = Debug|Any CPU
		{A9CA2C60-DA7A-4224-962D-45425CF71CD9}.Debug|Any CPU.Build.0 = Debug|Any CPU
		{A9CA2C60-DA7A-4224-962D-45425CF71CD9}.Release|Any CPU.ActiveCfg = Release|Any CPU
		{A9CA2C60-DA7A-4224-962D-45425CF71CD9}.Release|Any CPU.Build.0 = Release|Any CPU
		{52FD93BE-D9D0-472E-BA68-ECE596503D8F}.Debug|Any CPU.ActiveCfg = Debug|Any CPU
		{52FD93BE-D9D0-472E-BA68-ECE596503D8F}.Debug|Any CPU.Build.0 = Debug|Any CPU
		{52FD93BE-D9D0-472E-BA68-ECE596503D8F}.Release|Any CPU.ActiveCfg = Release|Any CPU
		{52FD93BE-D9D0-472E-BA68-ECE596503D8F}.Release|Any CPU.Build.0 = Release|Any CPU
		{C56B4650-6156-46D9-8E94-2663BE0BC4CC}.Debug|Any CPU.ActiveCfg = Debug|Any CPU
		{C56B4650-6156-46D9-8E94-2663BE0BC4CC}.Debug|Any CPU.Build.0 = Debug|Any CPU
		{C56B4650-6156-46D9-8E94-2663BE0BC4CC}.Release|Any CPU.ActiveCfg = Release|Any CPU
		{C56B4650-6156-46D9-8E94-2663BE0BC4CC}.Release|Any CPU.Build.0 = Release|Any CPU
		{8B5A7C67-C68B-40A4-9775-DE02F931D77B}.Debug|Any CPU.ActiveCfg = Debug|Any CPU
		{8B5A7C67-C68B-40A4-9775-DE02F931D77B}.Debug|Any CPU.Build.0 = Debug|Any CPU
		{8B5A7C67-C68B-40A4-9775-DE02F931D77B}.Release|Any CPU.ActiveCfg = Release|Any CPU
		{8B5A7C67-C68B-40A4-9775-DE02F931D77B}.Release|Any CPU.Build.0 = Release|Any CPU
		{2AF47A54-41F9-462A-91B2-A1E5A736E8D3}.Debug|Any CPU.ActiveCfg = Debug|Any CPU
		{2AF47A54-41F9-462A-91B2-A1E5A736E8D3}.Debug|Any CPU.Build.0 = Debug|Any CPU
		{2AF47A54-41F9-462A-91B2-A1E5A736E8D3}.Release|Any CPU.ActiveCfg = Release|Any CPU
		{2AF47A54-41F9-462A-91B2-A1E5A736E8D3}.Release|Any CPU.Build.0 = Release|Any CPU
		{B98DD17F-5768-4848-B49D-5465DAFDF531}.Debug|Any CPU.ActiveCfg = Debug|Any CPU
		{B98DD17F-5768-4848-B49D-5465DAFDF531}.Debug|Any CPU.Build.0 = Debug|Any CPU
		{B98DD17F-5768-4848-B49D-5465DAFDF531}.Release|Any CPU.ActiveCfg = Release|Any CPU
		{B98DD17F-5768-4848-B49D-5465DAFDF531}.Release|Any CPU.Build.0 = Release|Any CPU
	EndGlobalSection
	GlobalSection(SolutionProperties) = preSolution
		HideSolutionNode = FALSE
	EndGlobalSection
	GlobalSection(NestedProjects) = preSolution
		{C56B4650-6156-46D9-8E94-2663BE0BC4CC} = {9C017C23-0192-4B9A-8C63-16F8C390395B}
		{8B5A7C67-C68B-40A4-9775-DE02F931D77B} = {9C017C23-0192-4B9A-8C63-16F8C390395B}
		{2AF47A54-41F9-462A-91B2-A1E5A736E8D3} = {9C017C23-0192-4B9A-8C63-16F8C390395B}
		{B98DD17F-5768-4848-B49D-5465DAFDF531} = {9C017C23-0192-4B9A-8C63-16F8C390395B}
	EndGlobalSection
	GlobalSection(ExtensibilityGlobals) = postSolution
		SolutionGuid = {1C64167A-584A-450D-93E9-D9454EB2C56F}
	EndGlobalSection
	GlobalSection(Performance) = preSolution
		HasPerformanceSessions = true
	EndGlobalSection
	GlobalSection(Performance) = preSolution
		HasPerformanceSessions = true
	EndGlobalSection
EndGlobal
